
Microsoft Visual Studio Solution File, Format Version 12.00
# Visual Studio 2015
Project("{FAE04EC0-301F-11D3-BF4B-00C04F79EFBC}") = "DeadDance.CSharp.Plugins", "DeadDance.CSharp.Plugins.csproj", "{722DCBD0-3082-A87F-D79A-A22A45C3C26D}"
EndProject
Project("{FAE04EC0-301F-11D3-BF4B-00C04F79EFBC}") = "DeadDance.CSharp", "DeadDance.CSharp.csproj", "{FC3D4BCC-A55B-8F98-8F14-780596926AC4}"
EndProject
Global
	GlobalSection(SolutionConfigurationPlatforms) = preSolution
		Debug|Any CPU = Debug|Any CPU
		Release|Any CPU = Release|Any CPU
	EndGlobalSection
	GlobalSection(ProjectConfigurationPlatforms) = postSolution
		{722DCBD0-3082-A87F-D79A-A22A45C3C26D}.Debug|Any CPU.ActiveCfg = Debug|Any CPU
		{722DCBD0-3082-A87F-D79A-A22A45C3C26D}.Debug|Any CPU.Build.0 = Debug|Any CPU
		{722DCBD0-3082-A87F-D79A-A22A45C3C26D}.Release|Any CPU.ActiveCfg = Release|Any CPU
		{722DCBD0-3082-A87F-D79A-A22A45C3C26D}.Release|Any CPU.Build.0 = Release|Any CPU
		{FC3D4BCC-A55B-8F98-8F14-780596926AC4}.Debug|Any CPU.ActiveCfg = Debug|Any CPU
		{FC3D4BCC-A55B-8F98-8F14-780596926AC4}.Debug|Any CPU.Build.0 = Debug|Any CPU
		{FC3D4BCC-A55B-8F98-8F14-780596926AC4}.Release|Any CPU.ActiveCfg = Release|Any CPU
		{FC3D4BCC-A55B-8F98-8F14-780596926AC4}.Release|Any CPU.Build.0 = Release|Any CPU
	EndGlobalSection
	GlobalSection(SolutionProperties) = preSolution
		HideSolutionNode = FALSE
	EndGlobalSection
EndGlobal
